
Microsoft Visual Studio Solution File, Format Version 12.00
# Visual Studio Version 17
VisualStudioVersion = 17.13.35919.96 d17.13
MinimumVisualStudioVersion = 10.0.40219.1
Project("{FAE04EC0-301F-11D3-BF4B-00C04F79EFBC}") = "Quiz4WebApp", "Quiz4WebApp\Quiz4WebApp.csproj", "{42414E25-8327-4C6F-9560-A94F4F87ED4F}"
EndProject
Global
	GlobalSection(SolutionConfigurationPlatforms) = preSolution
		Debug|Any CPU = Debug|Any CPU
		Release|Any CPU = Release|Any CPU
	EndGlobalSection
	GlobalSection(ProjectConfigurationPlatforms) = postSolution
		{42414E25-8327-4C6F-9560-A94F4F87ED4F}.Debug|Any CPU.ActiveCfg = Debug|Any CPU
		{42414E25-8327-4C6F-9560-A94F4F87ED4F}.Debug|Any CPU.Build.0 = Debug|Any CPU
		{42414E25-8327-4C6F-9560-A94F4F87ED4F}.Release|Any CPU.ActiveCfg = Release|Any CPU
		{42414E25-8327-4C6F-9560-A94F4F87ED4F}.Release|Any CPU.Build.0 = Release|Any CPU
	EndGlobalSection
	GlobalSection(SolutionProperties) = preSolution
		HideSolutionNode = FALSE
	EndGlobalSection
	GlobalSection(ExtensibilityGlobals) = postSolution
		SolutionGuid = {6BA2EA37-988A-442E-BD53-4E172FCE4B01}
	EndGlobalSection
EndGlobal
